
Microsoft Visual Studio Solution File, Format Version 12.00
# Visual Studio Version 16
VisualStudioVersion = 16.0.31729.503
MinimumVisualStudioVersion = 10.0.40219.1
Project("{FAE04EC0-301F-11D3-BF4B-00C04F79EFBC}") = "Web_Assignment1", "Web_Assignment1\Web_Assignment1.csproj", "{8E30091C-7450-46A6-9DC7-4F287FACF26E}"
EndProject
Global
	GlobalSection(SolutionConfigurationPlatforms) = preSolution
		Debug|Any CPU = Debug|Any CPU
		Release|Any CPU = Release|Any CPU
	EndGlobalSection
	GlobalSection(ProjectConfigurationPlatforms) = postSolution
		{8E30091C-7450-46A6-9DC7-4F287FACF26E}.Debug|Any CPU.ActiveCfg = Debug|Any CPU
		{8E30091C-7450-46A6-9DC7-4F287FACF26E}.Debug|Any CPU.Build.0 = Debug|Any CPU
		{8E30091C-7450-46A6-9DC7-4F287FACF26E}.Release|Any CPU.ActiveCfg = Release|Any CPU
		{8E30091C-7450-46A6-9DC7-4F287FACF26E}.Release|Any CPU.Build.0 = Release|Any CPU
	EndGlobalSection
	GlobalSection(SolutionProperties) = preSolution
		HideSolutionNode = FALSE
	EndGlobalSection
	GlobalSection(ExtensibilityGlobals) = postSolution
		SolutionGuid = {40F82B3F-4F00-4BC8-B763-66B0834276CF}
	EndGlobalSection
EndGlobal
